
Microsoft Visual Studio Solution File, Format Version 12.00
# Visual Studio 15
VisualStudioVersion = 15.0.27004.2002
MinimumVisualStudioVersion = 10.0.40219.1
Project("{FAE04EC0-301F-11D3-BF4B-00C04F79EFBC}") = "10Unicode", "10Unicode\10Unicode.csproj", "{04CF23AD-5B05-44B4-85BA-137A9C34D29B}"
EndProject
Global
	GlobalSection(SolutionConfigurationPlatforms) = preSolution
		Debug|Any CPU = Debug|Any CPU
		Release|Any CPU = Release|Any CPU
	EndGlobalSection
	GlobalSection(ProjectConfigurationPlatforms) = postSolution
		{04CF23AD-5B05-44B4-85BA-137A9C34D29B}.Debug|Any CPU.ActiveCfg = Debug|Any CPU
		{04CF23AD-5B05-44B4-85BA-137A9C34D29B}.Debug|Any CPU.Build.0 = Debug|Any CPU
		{04CF23AD-5B05-44B4-85BA-137A9C34D29B}.Release|Any CPU.ActiveCfg = Release|Any CPU
		{04CF23AD-5B05-44B4-85BA-137A9C34D29B}.Release|Any CPU.Build.0 = Release|Any CPU
	EndGlobalSection
	GlobalSection(SolutionProperties) = preSolution
		HideSolutionNode = FALSE
	EndGlobalSection
	GlobalSection(ExtensibilityGlobals) = postSolution
		SolutionGuid = {712781C3-0759-45FE-A9F5-64D4F2705CF6}
	EndGlobalSection
EndGlobal
